
Microsoft Visual Studio Solution File, Format Version 12.00
# Visual Studio Version 16
VisualStudioVersion = 16.0.31729.503
MinimumVisualStudioVersion = 10.0.40219.1
Project("{2150E333-8FDC-42A3-9474-1A3956D46DE8}") = "Application", "Application", "{DF44DC0D-EC13-4CDF-BC47-251B17CDC30A}"
EndProject
Project("{2150E333-8FDC-42A3-9474-1A3956D46DE8}") = "CrossCutting", "CrossCutting", "{1B4FF6CD-517E-4C76-AF0D-15600658955D}"
EndProject
Project("{2150E333-8FDC-42A3-9474-1A3956D46DE8}") = "Domain", "Domain", "{FA2D57E5-919D-49D0-B223-9DCD07FA8F46}"
EndProject
Project("{2150E333-8FDC-42A3-9474-1A3956D46DE8}") = "Infrastructure", "Infrastructure", "{0EE8667D-E382-4984-A54C-1D86E625C6F3}"
EndProject
Project("{2150E333-8FDC-42A3-9474-1A3956D46DE8}") = "Services", "Services", "{32C44D39-0801-4E61-B549-C9F7E9DED92F}"
EndProject
Project("{FAE04EC0-301F-11D3-BF4B-00C04F79EFBC}") = "ParcelService.Domain.Entity", "src\ParcelService.Domain.Entity\ParcelService.Domain.Entity.csproj", "{229A5F5A-6E97-4BB6-8AF8-67661134349F}"
EndProject
Project("{FAE04EC0-301F-11D3-BF4B-00C04F79EFBC}") = "ParcelService.Domain.Core", "src\ParcelService.Domain.Core\ParcelService.Domain.Core.csproj", "{18C03282-8662-4981-81E3-C2C08B3C9CCE}"
EndProject
Project("{FAE04EC0-301F-11D3-BF4B-00C04F79EFBC}") = "ParcelService.Domain.Interface", "src\ParcelService.Domain.Interface\ParcelService.Domain.Interface.csproj", "{36788C69-0ADD-4A7B-9160-F9DC70E4F8FF}"
EndProject
Project("{FAE04EC0-301F-11D3-BF4B-00C04F79EFBC}") = "ParcelService.Application.DTO", "src\ParcelService.Application.DTO\ParcelService.Application.DTO.csproj", "{2F751BF6-4B39-4F52-A992-A902472F330B}"
EndProject
Project("{FAE04EC0-301F-11D3-BF4B-00C04F79EFBC}") = "ParcelService.Application.Interface", "src\ParcelService.Application.Interface\ParcelService.Application.Interface.csproj", "{9AB067CA-6BDF-4BDF-AE04-545D23C05228}"
EndProject
Project("{FAE04EC0-301F-11D3-BF4B-00C04F79EFBC}") = "ParcelService.Application.Main", "src\ParcelService.Application.Main\ParcelService.Application.Main.csproj", "{12592C61-F1D5-4FEF-91FF-224795F283DA}"
EndProject
Project("{FAE04EC0-301F-11D3-BF4B-00C04F79EFBC}") = "ParcelService.CrossCutting.Common", "src\ParcelService.CrossCutting.Common\ParcelService.CrossCutting.Common.csproj", "{12953B87-47C9-454F-A130-F7C39E71F3E1}"
EndProject
Project("{FAE04EC0-301F-11D3-BF4B-00C04F79EFBC}") = "ParcelService.Services.WebApi", "src\ParcelService.Services.WebApi\ParcelService.Services.WebApi.csproj", "{C18D6EA9-16CD-4572-9914-C677F65937B0}"
EndProject
Project("{FAE04EC0-301F-11D3-BF4B-00C04F79EFBC}") = "ParcelService.CrossCutting.Logging", "src\ParcelService.CrossCutting.Logging\ParcelService.CrossCutting.Logging.csproj", "{403DB87F-C036-44F1-8727-8A78DC67EE83}"
EndProject
Project("{FAE04EC0-301F-11D3-BF4B-00C04F79EFBC}") = "ParcelService.CrossCutting.Mapper", "src\ParcelService.CrossCutting.Mapper\ParcelService.CrossCutting.Mapper.csproj", "{3E67F94A-3FC7-41ED-A480-CF4D3B6710AA}"
EndProject
Project("{FAE04EC0-301F-11D3-BF4B-00C04F79EFBC}") = "ParcelService.CrossCutting.Security", "src\ParcelService.CrossCutting.Security\ParcelService.CrossCutting.Security.csproj", "{2F3432D4-DDC7-452E-850D-B14DD7002841}"
EndProject
Project("{FAE04EC0-301F-11D3-BF4B-00C04F79EFBC}") = "ParcelService.Infrastructure.Data", "src\ParcelService.Infrastructure.Data\ParcelService.Infrastructure.Data.csproj", "{DC725276-DFEA-4056-9823-1C0B3AB9F26E}"
EndProject
Project("{FAE04EC0-301F-11D3-BF4B-00C04F79EFBC}") = "ParcelService.Infrastructure.Interface", "src\ParcelService.Infrastructure.Interface\ParcelService.Infrastructure.Interface.csproj", "{D9103219-8E3D-4C4C-9FEF-394F57FD26D9}"
EndProject
Project("{FAE04EC0-301F-11D3-BF4B-00C04F79EFBC}") = "ParcelService.Infrastructure.Repository", "src\ParcelService.Infrastructure.Repository\ParcelService.Infrastructure.Repository.csproj", "{220D8C70-1C60-4170-B083-CED9D3890729}"
EndProject
Global
	GlobalSection(SolutionConfigurationPlatforms) = preSolution
		Debug|Any CPU = Debug|Any CPU
		Release|Any CPU = Release|Any CPU
	EndGlobalSection
	GlobalSection(ProjectConfigurationPlatforms) = postSolution
		{229A5F5A-6E97-4BB6-8AF8-67661134349F}.Debug|Any CPU.ActiveCfg = Debug|Any CPU
		{229A5F5A-6E97-4BB6-8AF8-67661134349F}.Debug|Any CPU.Build.0 = Debug|Any CPU
		{229A5F5A-6E97-4BB6-8AF8-67661134349F}.Release|Any CPU.ActiveCfg = Release|Any CPU
		{229A5F5A-6E97-4BB6-8AF8-67661134349F}.Release|Any CPU.Build.0 = Release|Any CPU
		{18C03282-8662-4981-81E3-C2C08B3C9CCE}.Debug|Any CPU.ActiveCfg = Debug|Any CPU
		{18C03282-8662-4981-81E3-C2C08B3C9CCE}.Debug|Any CPU.Build.0 = Debug|Any CPU
		{18C03282-8662-4981-81E3-C2C08B3C9CCE}.Release|Any CPU.ActiveCfg = Release|Any CPU
		{18C03282-8662-4981-81E3-C2C08B3C9CCE}.Release|Any CPU.Build.0 = Release|Any CPU
		{36788C69-0ADD-4A7B-9160-F9DC70E4F8FF}.Debug|Any CPU.ActiveCfg = Debug|Any CPU
		{36788C69-0ADD-4A7B-9160-F9DC70E4F8FF}.Debug|Any CPU.Build.0 = Debug|Any CPU
		{36788C69-0ADD-4A7B-9160-F9DC70E4F8FF}.Release|Any CPU.ActiveCfg = Release|Any CPU
		{36788C69-0ADD-4A7B-9160-F9DC70E4F8FF}.Release|Any CPU.Build.0 = Release|Any CPU
		{2F751BF6-4B39-4F52-A992-A902472F330B}.Debug|Any CPU.ActiveCfg = Debug|Any CPU
		{2F751BF6-4B39-4F52-A992-A902472F330B}.Debug|Any CPU.Build.0 = Debug|Any CPU
		{2F751BF6-4B39-4F52-A992-A902472F330B}.Release|Any CPU.ActiveCfg = Release|Any CPU
		{2F751BF6-4B39-4F52-A992-A902472F330B}.Release|Any CPU.Build.0 = Release|Any CPU
		{9AB067CA-6BDF-4BDF-AE04-545D23C05228}.Debug|Any CPU.ActiveCfg = Debug|Any CPU
		{9AB067CA-6BDF-4BDF-AE04-545D23C05228}.Debug|Any CPU.Build.0 = Debug|Any CPU
		{9AB067CA-6BDF-4BDF-AE04-545D23C05228}.Release|Any CPU.ActiveCfg = Release|Any CPU
		{9AB067CA-6BDF-4BDF-AE04-545D23C05228}.Release|Any CPU.Build.0 = Release|Any CPU
		{12592C61-F1D5-4FEF-91FF-224795F283DA}.Debug|Any CPU.ActiveCfg = Debug|Any CPU
		{12592C61-F1D5-4FEF-91FF-224795F283DA}.Debug|Any CPU.Build.0 = Debug|Any CPU
		{12592C61-F1D5-4FEF-91FF-224795F283DA}.Release|Any CPU.ActiveCfg = Release|Any CPU
		{12592C61-F1D5-4FEF-91FF-224795F283DA}.Release|Any CPU.Build.0 = Release|Any CPU
		{12953B87-47C9-454F-A130-F7C39E71F3E1}.Debug|Any CPU.ActiveCfg = Debug|Any CPU
		{12953B87-47C9-454F-A130-F7C39E71F3E1}.Debug|Any CPU.Build.0 = Debug|Any CPU
		{12953B87-47C9-454F-A130-F7C39E71F3E1}.Release|Any CPU.ActiveCfg = Release|Any CPU
		{12953B87-47C9-454F-A130-F7C39E71F3E1}.Release|Any CPU.Build.0 = Release|Any CPU
		{C18D6EA9-16CD-4572-9914-C677F65937B0}.Debug|Any CPU.ActiveCfg = Debug|Any CPU
		{C18D6EA9-16CD-4572-9914-C677F65937B0}.Debug|Any CPU.Build.0 = Debug|Any CPU
		{C18D6EA9-16CD-4572-9914-C677F65937B0}.Release|Any CPU.ActiveCfg = Release|Any CPU
		{C18D6EA9-16CD-4572-9914-C677F65937B0}.Release|Any CPU.Build.0 = Release|Any CPU
		{403DB87F-C036-44F1-8727-8A78DC67EE83}.Debug|Any CPU.ActiveCfg = Debug|Any CPU
		{403DB87F-C036-44F1-8727-8A78DC67EE83}.Debug|Any CPU.Build.0 = Debug|Any CPU
		{403DB87F-C036-44F1-8727-8A78DC67EE83}.Release|Any CPU.ActiveCfg = Release|Any CPU
		{403DB87F-C036-44F1-8727-8A78DC67EE83}.Release|Any CPU.Build.0 = Release|Any CPU
		{3E67F94A-3FC7-41ED-A480-CF4D3B6710AA}.Debug|Any CPU.ActiveCfg = Debug|Any CPU
		{3E67F94A-3FC7-41ED-A480-CF4D3B6710AA}.Debug|Any CPU.Build.0 = Debug|Any CPU
		{3E67F94A-3FC7-41ED-A480-CF4D3B6710AA}.Release|Any CPU.ActiveCfg = Release|Any CPU
		{3E67F94A-3FC7-41ED-A480-CF4D3B6710AA}.Release|Any CPU.Build.0 = Release|Any CPU
		{2F3432D4-DDC7-452E-850D-B14DD7002841}.Debug|Any CPU.ActiveCfg = Debug|Any CPU
		{2F3432D4-DDC7-452E-850D-B14DD7002841}.Debug|Any CPU.Build.0 = Debug|Any CPU
		{2F3432D4-DDC7-452E-850D-B14DD7002841}.Release|Any CPU.ActiveCfg = Release|Any CPU
		{2F3432D4-DDC7-452E-850D-B14DD7002841}.Release|Any CPU.Build.0 = Release|Any CPU
		{DC725276-DFEA-4056-9823-1C0B3AB9F26E}.Debug|Any CPU.ActiveCfg = Debug|Any CPU
		{DC725276-DFEA-4056-9823-1C0B3AB9F26E}.Debug|Any CPU.Build.0 = Debug|Any CPU
		{DC725276-DFEA-4056-9823-1C0B3AB9F26E}.Release|Any CPU.ActiveCfg = Release|Any CPU
		{DC725276-DFEA-4056-9823-1C0B3AB9F26E}.Release|Any CPU.Build.0 = Release|Any CPU
		{D9103219-8E3D-4C4C-9FEF-394F57FD26D9}.Debug|Any CPU.ActiveCfg = Debug|Any CPU
		{D9103219-8E3D-4C4C-9FEF-394F57FD26D9}.Debug|Any CPU.Build.0 = Debug|Any CPU
		{D9103219-8E3D-4C4C-9FEF-394F57FD26D9}.Release|Any CPU.ActiveCfg = Release|Any CPU
		{D9103219-8E3D-4C4C-9FEF-394F57FD26D9}.Release|Any CPU.Build.0 = Release|Any CPU
		{220D8C70-1C60-4170-B083-CED9D3890729}.Debug|Any CPU.ActiveCfg = Debug|Any CPU
		{220D8C70-1C60-4170-B083-CED9D3890729}.Debug|Any CPU.Build.0 = Debug|Any CPU
		{220D8C70-1C60-4170-B083-CED9D3890729}.Release|Any CPU.ActiveCfg = Release|Any CPU
		{220D8C70-1C60-4170-B083-CED9D3890729}.Release|Any CPU.Build.0 = Release|Any CPU
	EndGlobalSection
	GlobalSection(SolutionProperties) = preSolution
		HideSolutionNode = FALSE
	EndGlobalSection
	GlobalSection(NestedProjects) = preSolution
		{229A5F5A-6E97-4BB6-8AF8-67661134349F} = {FA2D57E5-919D-49D0-B223-9DCD07FA8F46}
		{18C03282-8662-4981-81E3-C2C08B3C9CCE} = {FA2D57E5-919D-49D0-B223-9DCD07FA8F46}
		{36788C69-0ADD-4A7B-9160-F9DC70E4F8FF} = {FA2D57E5-919D-49D0-B223-9DCD07FA8F46}
		{2F751BF6-4B39-4F52-A992-A902472F330B} = {DF44DC0D-EC13-4CDF-BC47-251B17CDC30A}
		{9AB067CA-6BDF-4BDF-AE04-545D23C05228} = {DF44DC0D-EC13-4CDF-BC47-251B17CDC30A}
		{12592C61-F1D5-4FEF-91FF-224795F283DA} = {DF44DC0D-EC13-4CDF-BC47-251B17CDC30A}
		{12953B87-47C9-454F-A130-F7C39E71F3E1} = {1B4FF6CD-517E-4C76-AF0D-15600658955D}
		{C18D6EA9-16CD-4572-9914-C677F65937B0} = {32C44D39-0801-4E61-B549-C9F7E9DED92F}
		{403DB87F-C036-44F1-8727-8A78DC67EE83} = {1B4FF6CD-517E-4C76-AF0D-15600658955D}
		{3E67F94A-3FC7-41ED-A480-CF4D3B6710AA} = {1B4FF6CD-517E-4C76-AF0D-15600658955D}
		{2F3432D4-DDC7-452E-850D-B14DD7002841} = {1B4FF6CD-517E-4C76-AF0D-15600658955D}
		{DC725276-DFEA-4056-9823-1C0B3AB9F26E} = {0EE8667D-E382-4984-A54C-1D86E625C6F3}
		{D9103219-8E3D-4C4C-9FEF-394F57FD26D9} = {0EE8667D-E382-4984-A54C-1D86E625C6F3}
		{220D8C70-1C60-4170-B083-CED9D3890729} = {0EE8667D-E382-4984-A54C-1D86E625C6F3}
	EndGlobalSection
	GlobalSection(ExtensibilityGlobals) = postSolution
		SolutionGuid = {EB763EA1-6D88-494A-A278-057AB01C5AB1}
	EndGlobalSection
EndGlobal
